
Microsoft Visual Studio Solution File, Format Version 12.00
# Visual Studio 2017
Project("{FAE04EC0-301F-11D3-BF4B-00C04F79EFBC}") = "PJS4", "PJS4.csproj", "{722690AD-A7A9-037F-0EF3-495E9897820F}"
EndProject
Global
	GlobalSection(SolutionConfigurationPlatforms) = preSolution
		Debug|Any CPU = Debug|Any CPU
		Release|Any CPU = Release|Any CPU
	EndGlobalSection
	GlobalSection(ProjectConfigurationPlatforms) = postSolution
		{722690AD-A7A9-037F-0EF3-495E9897820F}.Debug|Any CPU.ActiveCfg = Debug|Any CPU
		{722690AD-A7A9-037F-0EF3-495E9897820F}.Debug|Any CPU.Build.0 = Debug|Any CPU
		{722690AD-A7A9-037F-0EF3-495E9897820F}.Release|Any CPU.ActiveCfg = Release|Any CPU
		{722690AD-A7A9-037F-0EF3-495E9897820F}.Release|Any CPU.Build.0 = Release|Any CPU
	EndGlobalSection
	GlobalSection(SolutionProperties) = preSolution
		HideSolutionNode = FALSE
	EndGlobalSection
EndGlobal
